
Microsoft Visual Studio Solution File, Format Version 12.00
# Visual Studio Version 17
VisualStudioVersion = 17.6.33829.357
MinimumVisualStudioVersion = 10.0.40219.1
Project("{8BC9CEB8-8B4A-11D0-8D11-00A0C91BC942}") = "tutorial-OpenCV", "tutorial-OpenCV\tutorial-OpenCV.vcxproj", "{0E5360CB-4FE1-40A9-9458-CF1BE67FEF6B}"
EndProject
Global
	GlobalSection(SolutionConfigurationPlatforms) = preSolution
		Debug|x64 = Debug|x64
		Debug|x86 = Debug|x86
		Release|x64 = Release|x64
		Release|x86 = Release|x86
	EndGlobalSection
	GlobalSection(ProjectConfigurationPlatforms) = postSolution
		{0E5360CB-4FE1-40A9-9458-CF1BE67FEF6B}.Debug|x64.ActiveCfg = Debug|x64
		{0E5360CB-4FE1-40A9-9458-CF1BE67FEF6B}.Debug|x64.Build.0 = Debug|x64
		{0E5360CB-4FE1-40A9-9458-CF1BE67FEF6B}.Debug|x86.ActiveCfg = Debug|Win32
		{0E5360CB-4FE1-40A9-9458-CF1BE67FEF6B}.Debug|x86.Build.0 = Debug|Win32
		{0E5360CB-4FE1-40A9-9458-CF1BE67FEF6B}.Release|x64.ActiveCfg = Release|x64
		{0E5360CB-4FE1-40A9-9458-CF1BE67FEF6B}.Release|x64.Build.0 = Release|x64
		{0E5360CB-4FE1-40A9-9458-CF1BE67FEF6B}.Release|x86.ActiveCfg = Release|Win32
		{0E5360CB-4FE1-40A9-9458-CF1BE67FEF6B}.Release|x86.Build.0 = Release|Win32
	EndGlobalSection
	GlobalSection(SolutionProperties) = preSolution
		HideSolutionNode = FALSE
	EndGlobalSection
	GlobalSection(ExtensibilityGlobals) = postSolution
		SolutionGuid = {9D669AD9-D61F-4267-AAD8-006E48F71D24}
	EndGlobalSection
EndGlobal
